
Microsoft Visual Studio Solution File, Format Version 12.00
# Visual Studio Version 17
VisualStudioVersion = 17.4.33213.308
MinimumVisualStudioVersion = 10.0.40219.1
Project("{FAE04EC0-301F-11D3-BF4B-00C04F79EFBC}") = "AuthentifMVC", "AuthentifMVC\AuthentifMVC.csproj", "{A4B7335B-B825-4DA3-B328-1A95108F652A}"
EndProject
Global
	GlobalSection(SolutionConfigurationPlatforms) = preSolution
		Debug|Any CPU = Debug|Any CPU
		Release|Any CPU = Release|Any CPU
	EndGlobalSection
	GlobalSection(ProjectConfigurationPlatforms) = postSolution
		{A4B7335B-B825-4DA3-B328-1A95108F652A}.Debug|Any CPU.ActiveCfg = Debug|Any CPU
		{A4B7335B-B825-4DA3-B328-1A95108F652A}.Debug|Any CPU.Build.0 = Debug|Any CPU
		{A4B7335B-B825-4DA3-B328-1A95108F652A}.Release|Any CPU.ActiveCfg = Release|Any CPU
		{A4B7335B-B825-4DA3-B328-1A95108F652A}.Release|Any CPU.Build.0 = Release|Any CPU
	EndGlobalSection
	GlobalSection(SolutionProperties) = preSolution
		HideSolutionNode = FALSE
	EndGlobalSection
	GlobalSection(ExtensibilityGlobals) = postSolution
		SolutionGuid = {DBB93918-A53C-4DFD-82F6-4CCEE7BA2B10}
	EndGlobalSection
EndGlobal
